
Microsoft Visual Studio Solution File, Format Version 12.00
# Visual Studio Version 16
VisualStudioVersion = 16.0.30611.23
MinimumVisualStudioVersion = 10.0.40219.1
Project("{9A19103F-16F7-4668-BE54-9A1E7A4F7556}") = "CoreWebAPI", "CoreWebAPI\CoreWebAPI.csproj", "{1EB2B3D0-E076-4E25-81A3-505331DC0229}"
EndProject
Project("{9A19103F-16F7-4668-BE54-9A1E7A4F7556}") = "CoreWebAPI.Test", "CoreWebAPI.Test\CoreWebAPI.Test.csproj", "{768B5930-9E83-4DFB-99B8-57C2E9563B8A}"
EndProject
Project("{9A19103F-16F7-4668-BE54-9A1E7A4F7556}") = "CoreWebAPI.Infrastructure", "CoreWebAPI.Infrastructure\CoreWebAPI.Infrastructure.csproj", "{945C8958-694C-4B4F-BECF-FCBC5B47CA6F}"
EndProject
Project("{FAE04EC0-301F-11D3-BF4B-00C04F79EFBC}") = "CoreWebPortal", "CoreWebPortal\CoreWebPortal.csproj", "{D1CE61D5-BBCA-467B-94FD-60A19029A441}"
EndProject
Global
	GlobalSection(SolutionConfigurationPlatforms) = preSolution
		Debug|Any CPU = Debug|Any CPU
		Release|Any CPU = Release|Any CPU
	EndGlobalSection
	GlobalSection(ProjectConfigurationPlatforms) = postSolution
		{1EB2B3D0-E076-4E25-81A3-505331DC0229}.Debug|Any CPU.ActiveCfg = Debug|Any CPU
		{1EB2B3D0-E076-4E25-81A3-505331DC0229}.Debug|Any CPU.Build.0 = Debug|Any CPU
		{1EB2B3D0-E076-4E25-81A3-505331DC0229}.Release|Any CPU.ActiveCfg = Release|Any CPU
		{1EB2B3D0-E076-4E25-81A3-505331DC0229}.Release|Any CPU.Build.0 = Release|Any CPU
		{768B5930-9E83-4DFB-99B8-57C2E9563B8A}.Debug|Any CPU.ActiveCfg = Debug|Any CPU
		{768B5930-9E83-4DFB-99B8-57C2E9563B8A}.Debug|Any CPU.Build.0 = Debug|Any CPU
		{768B5930-9E83-4DFB-99B8-57C2E9563B8A}.Release|Any CPU.ActiveCfg = Release|Any CPU
		{768B5930-9E83-4DFB-99B8-57C2E9563B8A}.Release|Any CPU.Build.0 = Release|Any CPU
		{945C8958-694C-4B4F-BECF-FCBC5B47CA6F}.Debug|Any CPU.ActiveCfg = Debug|Any CPU
		{945C8958-694C-4B4F-BECF-FCBC5B47CA6F}.Debug|Any CPU.Build.0 = Debug|Any CPU
		{945C8958-694C-4B4F-BECF-FCBC5B47CA6F}.Release|Any CPU.ActiveCfg = Release|Any CPU
		{945C8958-694C-4B4F-BECF-FCBC5B47CA6F}.Release|Any CPU.Build.0 = Release|Any CPU
		{D1CE61D5-BBCA-467B-94FD-60A19029A441}.Debug|Any CPU.ActiveCfg = Debug|Any CPU
		{D1CE61D5-BBCA-467B-94FD-60A19029A441}.Debug|Any CPU.Build.0 = Debug|Any CPU
		{D1CE61D5-BBCA-467B-94FD-60A19029A441}.Release|Any CPU.ActiveCfg = Release|Any CPU
		{D1CE61D5-BBCA-467B-94FD-60A19029A441}.Release|Any CPU.Build.0 = Release|Any CPU
	EndGlobalSection
	GlobalSection(SolutionProperties) = preSolution
		HideSolutionNode = FALSE
	EndGlobalSection
	GlobalSection(ExtensibilityGlobals) = postSolution
		SolutionGuid = {8E6351C1-1725-4969-9378-6E827A4E56CE}
	EndGlobalSection
EndGlobal
